
Microsoft Visual Studio Solution File, Format Version 12.00
# Visual Studio Version 17
VisualStudioVersion = 17.13.35931.197
MinimumVisualStudioVersion = 10.0.40219.1
Project("{FAE04EC0-301F-11D3-BF4B-00C04F79EFBC}") = "Node1", "Node1\Node1.csproj", "{900903E5-ADE8-47EB-8872-F0280B9F47BD}"
EndProject
Global
	GlobalSection(SolutionConfigurationPlatforms) = preSolution
		Debug|Any CPU = Debug|Any CPU
		Release|Any CPU = Release|Any CPU
	EndGlobalSection
	GlobalSection(ProjectConfigurationPlatforms) = postSolution
		{900903E5-ADE8-47EB-8872-F0280B9F47BD}.Debug|Any CPU.ActiveCfg = Debug|Any CPU
		{900903E5-ADE8-47EB-8872-F0280B9F47BD}.Debug|Any CPU.Build.0 = Debug|Any CPU
		{900903E5-ADE8-47EB-8872-F0280B9F47BD}.Release|Any CPU.ActiveCfg = Release|Any CPU
		{900903E5-ADE8-47EB-8872-F0280B9F47BD}.Release|Any CPU.Build.0 = Release|Any CPU
	EndGlobalSection
	GlobalSection(SolutionProperties) = preSolution
		HideSolutionNode = FALSE
	EndGlobalSection
	GlobalSection(ExtensibilityGlobals) = postSolution
		SolutionGuid = {45EFF613-ADF5-4639-9E09-4928F3A0A324}
	EndGlobalSection
EndGlobal
